// !$*UTF8*$!
{
	archiveVersion = 1;
	classes = {
	};
	objectVersion = 50;
	objects = {

/* Begin PBXBuildFile section */
		0AB4A30E25E601B9006F6C27 /* AppDelegate.swift in Sources */ = {isa = PBXBuildFile; fileRef = 0AB4A30D25E601B9006F6C27 /* AppDelegate.swift */; };
		0AB4A31025E601B9006F6C27 /* SceneDelegate.swift in Sources */ = {isa = PBXBuildFile; fileRef = 0AB4A30F25E601B9006F6C27 /* SceneDelegate.swift */; };
		0AB4A31225E601B9006F6C27 /* ViewController.swift in Sources */ = {isa = PBXBuildFile; fileRef = 0AB4A31125E601B9006F6C27 /* ViewController.swift */; };
		0AB4A31525E601B9006F6C27 /* Main.storyboard in Resources */ = {isa = PBXBuildFile; fileRef = 0AB4A31325E601B9006F6C27 /* Main.storyboard */; };
		0AB4A31725E601B9006F6C27 /* Assets.xcassets in Resources */ = {isa = PBXBuildFile; fileRef = 0AB4A31625E601B9006F6C27 /* Assets.xcassets */; };
		0AB4A31A25E601B9006F6C27 /* LaunchScreen.storyboard in Resources */ = {isa = PBXBuildFile; fileRef = 0AB4A31825E601B9006F6C27 /* LaunchScreen.storyboard */; };
		0AB4A32525E601B9006F6C27 /* ParstagramTests.swift in Sources */ = {isa = PBXBuildFile; fileRef = 0AB4A32425E601B9006F6C27 /* ParstagramTests.swift */; };
		0AB4A33025E601B9006F6C27 /* ParstagramUITests.swift in Sources */ = {isa = PBXBuildFile; fileRef = 0AB4A32F25E601B9006F6C27 /* ParstagramUITests.swift */; };
/* End PBXBuildFile section */

/* Begin PBXContainerItemProxy section */
		0AB4A32125E601B9006F6C27 /* PBXContainerItemProxy */ = {
			isa = PBXContainerItemProxy;
			containerPortal = 0AB4A30225E601B9006F6C27 /* Project object */;
			proxyType = 1;
			remoteGlobalIDString = 0AB4A30925E601B9006F6C27;
			remoteInfo = Parstagram;
		};
		0AB4A32C25E601B9006F6C27 /* PBXContainerItemProxy */ = {
			isa = PBXContainerItemProxy;
			containerPortal = 0AB4A30225E601B9006F6C27 /* Project object */;
			proxyType = 1;
			remoteGlobalIDString = 0AB4A30925E601B9006F6C27;
			remoteInfo = Parstagram;
		};
/* End PBXContainerItemProxy section */

/* Begin PBXFileReference section */
		0AB4A30A25E601B9006F6C27 /* Parstagram.app */ = {isa = PBXFileReference; explicitFileType = wrapper.application; includeInIndex = 0; path = Parstagram.app; sourceTree = BUILT_PRODUCTS_DIR; };
		0AB4A30D25E601B9006F6C27 /* AppDelegate.swift */ = {isa = PBXFileReference; lastKnownFileType = sourcecode.swift; path = AppDelegate.swift; sourceTree = "<group>"; };
		0AB4A30F25E601B9006F6C27 /* SceneDelegate.swift */ = {isa = PBXFileReference; lastKnownFileType = sourcecode.swift; path = SceneDelegate.swift; sourceTree = "<group>"; };
		0AB4A31125E601B9006F6C27 /* ViewController.swift */ = {isa = PBXFileReference; lastKnownFileType = sourcecode.swift; path = ViewController.swift; sourceTree = "<group>"; };
		0AB4A31425E601B9006F6C27 /* Base */ = {isa = PBXFileReference; lastKnownFileType = file.storyboard; name = Base; path = Base.lproj/Main.storyboard; sourceTree = "<group>"; };
		0AB4A31625E601B9006F6C27 /* Assets.xcassets */ = {isa = PBXFileReference; lastKnownFileType = folder.assetcatalog; path = Assets.xcassets; sourceTree = "<group>"; };
		0AB4A31925E601B9006F6C27 /* Base */ = {isa = PBXFileReference; lastKnownFileType = file.storyboard; name = Base; path = Base.lproj/LaunchScreen.storyboard; sourceTree = "<group>"; };
		0AB4A31B25E601B9006F6C27 /* Info.plist */ = {isa = PBXFileReference; lastKnownFileType = text.plist.xml; path = Info.plist; sourceTree = "<group>"; };
		0AB4A32025E601B9006F6C27 /* ParstagramTests.xctest */ = {isa = PBXFileReference; explicitFileType = wrapper.cfbundle; includeInIndex = 0; path = ParstagramTests.xctest; sourceTree = BUILT_PRODUCTS_DIR; };
		0AB4A32425E601B9006F6C27 /* ParstagramTests.swift */ = {isa = PBXFileReference; lastKnownFileType = sourcecode.swift; path = ParstagramTests.swift; sourceTree = "<group>"; };
		0AB4A32625E601B9006F6C27 /* Info.plist */ = {isa = PBXFileReference; lastKnownFileType = text.plist.xml; path = Info.plist; sourceTree = "<group>"; };
		0AB4A32B25E601B9006F6C27 /* ParstagramUITests.xctest */ = {isa = PBXFileReference; explicitFileType = wrapper.cfbundle; includeInIndex = 0; path = ParstagramUITests.xctest; sourceTree = BUILT_PRODUCTS_DIR; };
		0AB4A32F25E601B9006F6C27 /* ParstagramUITests.swift */ = {isa = PBXFileReference; lastKnownFileType = sourcecode.swift; path = ParstagramUITests.swift; sourceTree = "<group>"; };
		0AB4A33125E601B9006F6C27 /* Info.plist */ = {isa = PBXFileReference; lastKnownFileType = text.plist.xml; path = Info.plist; sourceTree = "<group>"; };
/* End PBXFileReference section */

/* Begin PBXFrameworksBuildPhase section */
		0AB4A30725E601B9006F6C27 /* Frameworks */ = {
			isa = PBXFrameworksBuildPhase;
			buildActionMask = 2147483647;
			files = (
			);
			runOnlyForDeploymentPostprocessing = 0;
		};
		0AB4A31D25E601B9006F6C27 /* Frameworks */ = {
			isa = PBXFrameworksBuildPhase;
			buildActionMask = 2147483647;
			files = (
			);
			runOnlyForDeploymentPostprocessing = 0;
		};
		0AB4A32825E601B9006F6C27 /* Frameworks */ = {
			isa = PBXFrameworksBuildPhase;
			buildActionMask = 2147483647;
			files = (
			);
			runOnlyForDeploymentPostprocessing = 0;
		};
/* End PBXFrameworksBuildPhase section */

/* Begin PBXGroup section */
		0AB4A30125E601B9006F6C27 = {
			isa = PBXGroup;
			children = (
				0AB4A30C25E601B9006F6C27 /* Parstagram */,
				0AB4A32325E601B9006F6C27 /* ParstagramTests */,
				0AB4A32E25E601B9006F6C27 /* ParstagramUITests */,
				0AB4A30B25E601B9006F6C27 /* Products */,
			);
			sourceTree = "<group>";
		};
		0AB4A30B25E601B9006F6C27 /* Products */ = {
			isa = PBXGroup;
			children = (
				0AB4A30A25E601B9006F6C27 /* Parstagram.app */,
				0AB4A32025E601B9006F6C27 /* ParstagramTests.xctest */,
				0AB4A32B25E601B9006F6C27 /* ParstagramUITests.xctest */,
			);
			name = Products;
			sourceTree = "<group>";
		};
		0AB4A30C25E601B9006F6C27 /* Parstagram */ = {
			isa = PBXGroup;
			children = (
				0AB4A30D25E601B9006F6C27 /* AppDelegate.swift */,
				0AB4A30F25E601B9006F6C27 /* SceneDelegate.swift */,
				0AB4A31125E601B9006F6C27 /* ViewController.swift */,
				0AB4A31325E601B9006F6C27 /* Main.storyboard */,
				0AB4A31625E601B9006F6C27 /* Assets.xcassets */,
				0AB4A31825E601B9006F6C27 /* LaunchScreen.storyboard */,
				0AB4A31B25E601B9006F6C27 /* Info.plist */,
			);
			path = Parstagram;
			sourceTree = "<group>";
		};
		0AB4A32325E601B9006F6C27 /* ParstagramTests */ = {
			isa = PBXGroup;
			children = (
				0AB4A32425E601B9006F6C27 /* ParstagramTests.swift */,
				0AB4A32625E601B9006F6C27 /* Info.plist */,
			);
			path = ParstagramTests;
			sourceTree = "<group>";
		};
		0AB4A32E25E601B9006F6C27 /* ParstagramUITests */ = {
			isa = PBXGroup;
			children = (
				0AB4A32F25E601B9006F6C27 /* ParstagramUITests.swift */,
				0AB4A33125E601B9006F6C27 /* Info.plist */,
			);
			path = ParstagramUITests;
			sourceTree = "<group>";
		};
/* End PBXGroup section */

/* Begin PBXNativeTarget section */
		0AB4A30925E601B9006F6C27 /* Parstagram */ = {
			isa = PBXNativeTarget;
			buildConfigurationList = 0AB4A33425E601B9006F6C27 /* Build configuration list for PBXNativeTarget "Parstagram" */;
			buildPhases = (
				0AB4A30625E601B9006F6C27 /* Sources */,
				0AB4A30725E601B9006F6C27 /* Frameworks */,
				0AB4A30825E601B9006F6C27 /* Resources */,
			);
			buildRules = (
			);
			dependencies = (
			);
			name = Parstagram;
			productName = Parstagram;
			productReference = 0AB4A30A25E601B9006F6C27 /* Parstagram.app */;
			productType = "com.apple.product-type.application";
		};
		0AB4A31F25E601B9006F6C27 /* ParstagramTests */ = {
			isa = PBXNativeTarget;
			buildConfigurationList = 0AB4A33725E601B9006F6C27 /* Build configuration list for PBXNativeTarget "ParstagramTests" */;
			buildPhases = (
				0AB4A31C25E601B9006F6C27 /* Sources */,
				0AB4A31D25E601B9006F6C27 /* Frameworks */,
				0AB4A31E25E601B9006F6C27 /* Resources */,
			);
			buildRules = (
			);
			dependencies = (
				0AB4A32225E601B9006F6C27 /* PBXTargetDependency */,
			);
			name = ParstagramTests;
			productName = ParstagramTests;
			productReference = 0AB4A32025E601B9006F6C27 /* ParstagramTests.xctest */;
			productType = "com.apple.product-type.bundle.unit-test";
		};
		0AB4A32A25E601B9006F6C27 /* ParstagramUITests */ = {
			isa = PBXNativeTarget;
			buildConfigurationList = 0AB4A33A25E601B9006F6C27 /* Build configuration list for PBXNativeTarget "ParstagramUITests" */;
			buildPhases = (
				0AB4A32725E601B9006F6C27 /* Sources */,
				0AB4A32825E601B9006F6C27 /* Frameworks */,
				0AB4A32925E601B9006F6C27 /* Resources */,
			);
			buildRules = (
			);
			dependencies = (
				0AB4A32D25E601B9006F6C27 /* PBXTargetDependency */,
			);
			name = ParstagramUITests;
			productName = ParstagramUITests;
			productReference = 0AB4A32B25E601B9006F6C27 /* ParstagramUITests.xctest */;
			productType = "com.apple.product-type.bundle.ui-testing";
		};
/* End PBXNativeTarget section */

/* Begin PBXProject section */
		0AB4A30225E601B9006F6C27 /* Project object */ = {
			isa = PBXProject;
			attributes = {
				LastSwiftUpdateCheck = 1230;
				LastUpgradeCheck = 1230;
				TargetAttributes = {
					0AB4A30925E601B9006F6C27 = {
						CreatedOnToolsVersion = 12.3;
					};
					0AB4A31F25E601B9006F6C27 = {
						CreatedOnToolsVersion = 12.3;
						TestTargetID = 0AB4A30925E601B9006F6C27;
					};
					0AB4A32A25E601B9006F6C27 = {
						CreatedOnToolsVersion = 12.3;
						TestTargetID = 0AB4A30925E601B9006F6C27;
					};
				};
			};
			buildConfigurationList = 0AB4A30525E601B9006F6C27 /* Build configuration list for PBXProject "Parstagram" */;
			compatibilityVersion = "Xcode 9.3";
			developmentRegion = en;
			hasScannedForEncodings = 0;
			knownRegions = (
				en,
				Base,
			);
			mainGroup = 0AB4A30125E601B9006F6C27;
			productRefGroup = 0AB4A30B25E601B9006F6C27 /* Products */;
			projectDirPath = "";
			projectRoot = "";
			targets = (
				0AB4A30925E601B9006F6C27 /* Parstagram */,
				0AB4A31F25E601B9006F6C27 /* ParstagramTests */,
				0AB4A32A25E601B9006F6C27 /* ParstagramUITests */,
			);
		};
/* End PBXProject section */

/* Begin PBXResourcesBuildPhase section */
		0AB4A30825E601B9006F6C27 /* Resources */ = {
			isa = PBXResourcesBuildPhase;
			buildActionMask = 2147483647;
			files = (
				0AB4A31A25E601B9006F6C27 /* LaunchScreen.storyboard in Resources */,
				0AB4A31725E601B9006F6C27 /* Assets.xcassets in Resources */,
				0AB4A31525E601B9006F6C27 /* Main.storyboard in Resources */,
			);
			runOnlyForDeploymentPostprocessing = 0;
		};
		0AB4A31E25E601B9006F6C27 /* Resources */ = {
			isa = PBXResourcesBuildPhase;
			buildActionMask = 2147483647;
			files = (
			);
			runOnlyForDeploymentPostprocessing = 0;
		};
		0AB4A32925E601B9006F6C27 /* Resources */ = {
			isa = PBXResourcesBuildPhase;
			buildActionMask = 2147483647;
			files = (
			);
			runOnlyForDeploymentPostprocessing = 0;
		};
/* End PBXResourcesBuildPhase section */

/* Begin PBXSourcesBuildPhase section */
		0AB4A30625E601B9006F6C27 /* Sources */ = {
			isa = PBXSourcesBuildPhase;
			buildActionMask = 2147483647;
			files = (
				0AB4A31225E601B9006F6C27 /* ViewController.swift in Sources */,
				0AB4A30E25E601B9006F6C27 /* AppDelegate.swift in Sources */,
				0AB4A31025E601B9006F6C27 /* SceneDelegate.swift in Sources */,
			);
			runOnlyForDeploymentPostprocessing = 0;
		};
		0AB4A31C25E601B9006F6C27 /* Sources */ = {
			isa = PBXSourcesBuildPhase;
			buildActionMask = 2147483647;
			files = (
				0AB4A32525E601B9006F6C27 /* ParstagramTests.swift in Sources */,
			);
			runOnlyForDeploymentPostprocessing = 0;
		};
		0AB4A32725E601B9006F6C27 /* Sources */ = {
			isa = PBXSourcesBuildPhase;
			buildActionMask = 2147483647;
			files = (
				0AB4A33025E601B9006F6C27 /* ParstagramUITests.swift in Sources */,
			);
			runOnlyForDeploymentPostprocessing = 0;
		};
/* End PBXSourcesBuildPhase section */

/* Begin PBXTargetDependency section */
		0AB4A32225E601B9006F6C27 /* PBXTargetDependency */ = {
			isa = PBXTargetDependency;
			target = 0AB4A30925E601B9006F6C27 /* Parstagram */;
			targetProxy = 0AB4A32125E601B9006F6C27 /* PBXContainerItemProxy */;
		};
		0AB4A32D25E601B9006F6C27 /* PBXTargetDependency */ = {
			isa = PBXTargetDependency;
			target = 0AB4A30925E601B9006F6C27 /* Parstagram */;
			targetProxy = 0AB4A32C25E601B9006F6C27 /* PBXContainerItemProxy */;
		};
/* End PBXTargetDependency section */

/* Begin PBXVariantGroup section */
		0AB4A31325E601B9006F6C27 /* Main.storyboard */ = {
			isa = PBXVariantGroup;
			children = (
				0AB4A31425E601B9006F6C27 /* Base */,
			);
			name = Main.storyboard;
			sourceTree = "<group>";
		};
		0AB4A31825E601B9006F6C27 /* LaunchScreen.storyboard */ = {
			isa = PBXVariantGroup;
			children = (
				0AB4A31925E601B9006F6C27 /* Base */,
			);
			name = LaunchScreen.storyboard;
			sourceTree = "<group>";
		};
/* End PBXVariantGroup section */

/* Begin XCBuildConfiguration section */
		0AB4A33225E601B9006F6C27 /* Debug */ = {
			isa = XCBuildConfiguration;
			buildSettings = {
				ALWAYS_SEARCH_USER_PATHS = NO;
				CLANG_ANALYZER_NONNULL = YES;
				CLANG_ANALYZER_NUMBER_OBJECT_CONVERSION = YES_AGGRESSIVE;
				CLANG_CXX_LANGUAGE_STANDARD = "gnu++14";
				CLANG_CXX_LIBRARY = "libc++";
				CLANG_ENABLE_MODULES = YES;
				CLANG_ENABLE_OBJC_ARC = YES;
				CLANG_ENABLE_OBJC_WEAK = YES;
				CLANG_WARN_BLOCK_CAPTURE_AUTORELEASING = YES;
				CLANG_WARN_BOOL_CONVERSION = YES;
				CLANG_WARN_COMMA = YES;
				CLANG_WARN_CONSTANT_CONVERSION = YES;
				CLANG_WARN_DEPRECATED_OBJC_IMPLEMENTATIONS = YES;
				CLANG_WARN_DIRECT_OBJC_ISA_USAGE = YES_ERROR;
				CLANG_WARN_DOCUMENTATION_COMMENTS = YES;
				CLANG_WARN_EMPTY_BODY = YES;
				CLANG_WARN_ENUM_CONVERSION = YES;
				CLANG_WARN_INFINITE_RECURSION = YES;
				CLANG_WARN_INT_CONVERSION = YES;
				CLANG_WARN_NON_LITERAL_NULL_CONVERSION = YES;
				CLANG_WARN_OBJC_IMPLICIT_RETAIN_SELF = YES;
				CLANG_WARN_OBJC_LITERAL_CONVERSION = YES;
				CLANG_WARN_OBJC_ROOT_CLASS = YES_ERROR;
				CLANG_WARN_QUOTED_INCLUDE_IN_FRAMEWORK_HEADER = YES;
				CLANG_WARN_RANGE_LOOP_ANALYSIS = YES;
				CLANG_WARN_STRICT_PROTOTYPES = YES;
				CLANG_WARN_SUSPICIOUS_MOVE = YES;
				CLANG_WARN_UNGUARDED_AVAILABILITY = YES_AGGRESSIVE;
				CLANG_WARN_UNREACHABLE_CODE = YES;
				CLANG_WARN__DUPLICATE_METHOD_MATCH = YES;
				COPY_PHASE_STRIP = NO;
				DEBUG_INFORMATION_FORMAT = dwarf;
				ENABLE_STRICT_OBJC_MSGSEND = YES;
				ENABLE_TESTABILITY = YES;
				GCC_C_LANGUAGE_STANDARD = gnu11;
				GCC_DYNAMIC_NO_PIC = NO;
				GCC_NO_COMMON_BLOCKS = YES;
				GCC_OPTIMIZATION_LEVEL = 0;
				GCC_PREPROCESSOR_DEFINITIONS = (
					"DEBUG=1",
					"$(inherited)",
				);
				GCC_WARN_64_TO_32_BIT_CONVERSION = YES;
				GCC_WARN_ABOUT_RETURN_TYPE = YES_ERROR;
				GCC_WARN_UNDECLARED_SELECTOR = YES;
				GCC_WARN_UNINITIALIZED_AUTOS = YES_AGGRESSIVE;
				GCC_WARN_UNUSED_FUNCTION = YES;
				GCC_WARN_UNUSED_VARIABLE = YES;
				IPHONEOS_DEPLOYMENT_TARGET = 14.3;
				MTL_ENABLE_DEBUG_INFO = INCLUDE_SOURCE;
				MTL_FAST_MATH = YES;
				ONLY_ACTIVE_ARCH = YES;
				SDKROOT = iphoneos;
				SWIFT_ACTIVE_COMPILATION_CONDITIONS = DEBUG;
				SWIFT_OPTIMIZATION_LEVEL = "-Onone";
			};
			name = Debug;
		};
		0AB4A33325E601B9006F6C27 /* Release */ = {
			isa = XCBuildConfiguration;
			buildSettings = {
				ALWAYS_SEARCH_USER_PATHS = NO;
				CLANG_ANALYZER_NONNULL = YES;
				CLANG_ANALYZER_NUMBER_OBJECT_CONVERSION = YES_AGGRESSIVE;
				CLANG_CXX_LANGUAGE_STANDARD = "gnu++14";
				CLANG_CXX_LIBRARY = "libc++";
				CLANG_ENABLE_MODULES = YES;
				CLANG_ENABLE_OBJC_ARC = YES;
				CLANG_ENABLE_OBJC_WEAK = YES;
				CLANG_WARN_BLOCK_CAPTURE_AUTORELEASING = YES;
				CLANG_WARN_BOOL_CONVERSION = YES;
				CLANG_WARN_COMMA = YES;
				CLANG_WARN_CONSTANT_CONVERSION = YES;
				CLANG_WARN_DEPRECATED_OBJC_IMPLEMENTATIONS = YES;
				CLANG_WARN_DIRECT_OBJC_ISA_USAGE = YES_ERROR;
				CLANG_WARN_DOCUMENTATION_COMMENTS = YES;
				CLANG_WARN_EMPTY_BODY = YES;
				CLANG_WARN_ENUM_CONVERSION = YES;
				CLANG_WARN_INFINITE_RECURSION = YES;
				CLANG_WARN_INT_CONVERSION = YES;
				CLANG_WARN_NON_LITERAL_NULL_CONVERSION = YES;
				CLANG_WARN_OBJC_IMPLICIT_RETAIN_SELF = YES;
				CLANG_WARN_OBJC_LITERAL_CONVERSION = YES;
				CLANG_WARN_OBJC_ROOT_CLASS = YES_ERROR;
				CLANG_WARN_QUOTED_INCLUDE_IN_FRAMEWORK_HEADER = YES;
				CLANG_WARN_RANGE_LOOP_ANALYSIS = YES;
				CLANG_WARN_STRICT_PROTOTYPES = YES;
				CLANG_WARN_SUSPICIOUS_MOVE = YES;
				CLANG_WARN_UNGUARDED_AVAILABILITY = YES_AGGRESSIVE;
				CLANG_WARN_UNREACHABLE_CODE = YES;
				CLANG_WARN__DUPLICATE_METHOD_MATCH = YES;
				COPY_PHASE_STRIP = NO;
				DEBUG_INFORMATION_FORMAT = "dwarf-with-dsym";
				ENABLE_NS_ASSERTIONS = NO;
				ENABLE_STRICT_OBJC_MSGSEND = YES;
				GCC_C_LANGUAGE_STANDARD = gnu11;
				GCC_NO_COMMON_BLOCKS = YES;
				GCC_WARN_64_TO_32_BIT_CONVERSION = YES;
				GCC_WARN_ABOUT_RETURN_TYPE = YES_ERROR;
				GCC_WARN_UNDECLARED_SELECTOR = YES;
				GCC_WARN_UNINITIALIZED_AUTOS = YES_AGGRESSIVE;
				GCC_WARN_UNUSED_FUNCTION = YES;
				GCC_WARN_UNUSED_VARIABLE = YES;
				IPHONEOS_DEPLOYMENT_TARGET = 14.3;
				MTL_ENABLE_DEBUG_INFO = NO;
				MTL_FAST_MATH = YES;
				SDKROOT = iphoneos;
				SWIFT_COMPILATION_MODE = wholemodule;
				SWIFT_OPTIMIZATION_LEVEL = "-O";
				VALIDATE_PRODUCT = YES;
			};
			name = Release;
		};
		0AB4A33525E601B9006F6C27 /* Debug */ = {
			isa = XCBuildConfiguration;
			buildSettings = {
				ASSETCATALOG_COMPILER_APPICON_NAME = AppIcon;
				ASSETCATALOG_COMPILER_GLOBAL_ACCENT_COLOR_NAME = AccentColor;
				CODE_SIGN_STYLE = Automatic;
				INFOPLIST_FILE = Parstagram/Info.plist;
				LD_RUNPATH_SEARCH_PATHS = (
					"$(inherited)",
					"@executable_path/Frameworks",
				);
				PRODUCT_BUNDLE_IDENTIFIER = codepath.Parstagram;
				PRODUCT_NAME = "$(TARGET_NAME)";
				SWIFT_VERSION = 5.0;
				TARGETED_DEVICE_FAMILY = "1,2";
			};
			name = Debug;
		};
		0AB4A33625E601B9006F6C27 /* Release */ = {
			isa = XCBuildConfiguration;
			buildSettings = {
				ASSETCATALOG_COMPILER_APPICON_NAME = AppIcon;
				ASSETCATALOG_COMPILER_GLOBAL_ACCENT_COLOR_NAME = AccentColor;
				CODE_SIGN_STYLE = Automatic;
				INFOPLIST_FILE = Parstagram/Info.plist;
				LD_RUNPATH_SEARCH_PATHS = (
					"$(inherited)",
					"@executable_path/Frameworks",
				);
				PRODUCT_BUNDLE_IDENTIFIER = codepath.Parstagram;
				PRODUCT_NAME = "$(TARGET_NAME)";
				SWIFT_VERSION = 5.0;
				TARGETED_DEVICE_FAMILY = "1,2";
			};
			name = Release;
		};
		0AB4A33825E601B9006F6C27 /* Debug */ = {
			isa = XCBuildConfiguration;
			buildSettings = {
				ALWAYS_EMBED_SWIFT_STANDARD_LIBRARIES = YES;
				BUNDLE_LOADER = "$(TEST_HOST)";
				CODE_SIGN_STYLE = Automatic;
				INFOPLIST_FILE = ParstagramTests/Info.plist;
				IPHONEOS_DEPLOYMENT_TARGET = 14.3;
				LD_RUNPATH_SEARCH_PATHS = (
					"$(inherited)",
					"@executable_path/Frameworks",
					"@loader_path/Frameworks",
				);
				PRODUCT_BUNDLE_IDENTIFIER = codepath.ParstagramTests;
				PRODUCT_NAME = "$(TARGET_NAME)";
				SWIFT_VERSION = 5.0;
				TARGETED_DEVICE_FAMILY = "1,2";
				TEST_HOST = "$(BUILT_PRODUCTS_DIR)/Parstagram.app/Parstagram";
			};
			name = Debug;
		};
		0AB4A33925E601B9006F6C27 /* Release */ = {
			isa = XCBuildConfiguration;
			buildSettings = {
				ALWAYS_EMBED_SWIFT_STANDARD_LIBRARIES = YES;
				BUNDLE_LOADER = "$(TEST_HOST)";
				CODE_SIGN_STYLE = Automatic;
				INFOPLIST_FILE = ParstagramTests/Info.plist;
				IPHONEOS_DEPLOYMENT_TARGET = 14.3;
				LD_RUNPATH_SEARCH_PATHS = (
					"$(inherited)",
					"@executable_path/Frameworks",
					"@loader_path/Frameworks",
				);
				PRODUCT_BUNDLE_IDENTIFIER = codepath.ParstagramTests;
				PRODUCT_NAME = "$(TARGET_NAME)";
				SWIFT_VERSION = 5.0;
				TARGETED_DEVICE_FAMILY = "1,2";
				TEST_HOST = "$(BUILT_PRODUCTS_DIR)/Parstagram.app/Parstagram";
			};
			name = Release;
		};
		0AB4A33B25E601B9006F6C27 /* Debug */ = {
			isa = XCBuildConfiguration;
			buildSettings = {
				ALWAYS_EMBED_SWIFT_STANDARD_LIBRARIES = YES;
				CODE_SIGN_STYLE = Automatic;
				INFOPLIST_FILE = ParstagramUITests/Info.plist;
				LD_RUNPATH_SEARCH_PATHS = (
					"$(inherited)",
					"@executable_path/Frameworks",
					"@loader_path/Frameworks",
				);
				PRODUCT_BUNDLE_IDENTIFIER = codepath.ParstagramUITests;
				PRODUCT_NAME = "$(TARGET_NAME)";
				SWIFT_VERSION = 5.0;
				TARGETED_DEVICE_FAMILY = "1,2";
				TEST_TARGET_NAME = Parstagram;
			};
			name = Debug;
		};
		0AB4A33C25E601B9006F6C27 /* Release */ = {
			isa = XCBuildConfiguration;
			buildSettings = {
				ALWAYS_EMBED_SWIFT_STANDARD_LIBRARIES = YES;
				CODE_SIGN_STYLE = Automatic;
				INFOPLIST_FILE = ParstagramUITests/Info.plist;
				LD_RUNPATH_SEARCH_PATHS = (
					"$(inherited)",
					"@executable_path/Frameworks",
					"@loader_path/Frameworks",
				);
				PRODUCT_BUNDLE_IDENTIFIER = codepath.ParstagramUITests;
				PRODUCT_NAME = "$(TARGET_NAME)";
				SWIFT_VERSION = 5.0;
				TARGETED_DEVICE_FAMILY = "1,2";
				TEST_TARGET_NAME = Parstagram;
			};
			name = Release;
		};
/* End XCBuildConfiguration section */

/* Begin XCConfigurationList section */
		0AB4A30525E601B9006F6C27 /* Build configuration list for PBXProject "Parstagram" */ = {
			isa = XCConfigurationList;
			buildConfigurations = (
				0AB4A33225E601B9006F6C27 /* Debug */,
				0AB4A33325E601B9006F6C27 /* Release */,
			);
			defaultConfigurationIsVisible = 0;
			defaultConfigurationName = Release;
		};
		0AB4A33425E601B9006F6C27 /* Build configuration list for PBXNativeTarget "Parstagram" */ = {
			isa = XCConfigurationList;
			buildConfigurations = (
				0AB4A33525E601B9006F6C27 /* Debug */,
				0AB4A33625E601B9006F6C27 /* Release */,
			);
			defaultConfigurationIsVisible = 0;
			defaultConfigurationName = Release;
		};
		0AB4A33725E601B9006F6C27 /* Build configuration list for PBXNativeTarget "ParstagramTests" */ = {
			isa = XCConfigurationList;
			buildConfigurations = (
				0AB4A33825E601B9006F6C27 /* Debug */,
				0AB4A33925E601B9006F6C27 /* Release */,
			);
			defaultConfigurationIsVisible = 0;
			defaultConfigurationName = Release;
		};
		0AB4A33A25E601B9006F6C27 /* Build configuration list for PBXNativeTarget "ParstagramUITests" */ = {
			isa = XCConfigurationList;
			buildConfigurations = (
				0AB4A33B25E601B9006F6C27 /* Debug */,
				0AB4A33C25E601B9006F6C27 /* Release */,
			);
			defaultConfigurationIsVisible = 0;
			defaultConfigurationName = Release;
		};
/* End XCConfigurationList section */
	};
	rootObject = 0AB4A30225E601B9006F6C27 /* Project object */;
}
